Microsoft Visual Studio Solution File, Format Version 8.00
Project("{8BC9CEB8-8B4A-11D0-8D11-00A0C91BC942}") = "Core", "Core.vcproj", "{2219277F-46AD-45FF-88FE-85D6CAB679EA}"
	ProjectSection(ProjectDependencies) = postProject
	EndProjectSection
EndProject
Global
	GlobalSection(SolutionConfiguration) = preSolution
		Debug = Debug
		Release = Release
	EndGlobalSection
	GlobalSection(ProjectConfiguration) = postSolution
		{2219277F-46AD-45FF-88FE-85D6CAB679EA}.Debug.ActiveCfg = Debug|Win32
		{2219277F-46AD-45FF-88FE-85D6CAB679EA}.Debug.Build.0 = Debug|Win32
		{2219277F-46AD-45FF-88FE-85D6CAB679EA}.Release.ActiveCfg = Release|Win32
		{2219277F-46AD-45FF-88FE-85D6CAB679EA}.Release.Build.0 = Release|Win32
	EndGlobalSection
	GlobalSection(ExtensibilityGlobals) = postSolution
	EndGlobalSection
	GlobalSection(ExtensibilityAddIns) = postSolution
	EndGlobalSection
EndGlobal
